
Microsoft Visual Studio Solution File, Format Version 12.00
# Visual Studio Version 17
VisualStudioVersion = 17.8.34322.80
MinimumVisualStudioVersion = 10.0.40219.1
Project("{9A19103F-16F7-4668-BE54-9A1E7A4F7556}") = "RingBell", "RingBell.csproj", "{9EA1D301-63A1-40EF-8187-F060F91ECBF9}"
EndProject
Project("{9A19103F-16F7-4668-BE54-9A1E7A4F7556}") = "HIDCheckApp", "..\HIDCheckApp\HIDCheckApp.csproj", "{9D361FCD-EE13-49A8-A4EB-CE305CB64B9A}"
EndProject
Global
	GlobalSection(SolutionConfigurationPlatforms) = preSolution
		Debug|Any CPU = Debug|Any CPU
		Release|Any CPU = Release|Any CPU
	EndGlobalSection
	GlobalSection(ProjectConfigurationPlatforms) = postSolution
		{9EA1D301-63A1-40EF-8187-F060F91ECBF9}.Debug|Any CPU.ActiveCfg = Debug|Any CPU
		{9EA1D301-63A1-40EF-8187-F060F91ECBF9}.Debug|Any CPU.Build.0 = Debug|Any CPU
		{9EA1D301-63A1-40EF-8187-F060F91ECBF9}.Release|Any CPU.ActiveCfg = Release|Any CPU
		{9EA1D301-63A1-40EF-8187-F060F91ECBF9}.Release|Any CPU.Build.0 = Release|Any CPU
		{9D361FCD-EE13-49A8-A4EB-CE305CB64B9A}.Debug|Any CPU.ActiveCfg = Debug|Any CPU
		{9D361FCD-EE13-49A8-A4EB-CE305CB64B9A}.Debug|Any CPU.Build.0 = Debug|Any CPU
		{9D361FCD-EE13-49A8-A4EB-CE305CB64B9A}.Release|Any CPU.ActiveCfg = Release|Any CPU
		{9D361FCD-EE13-49A8-A4EB-CE305CB64B9A}.Release|Any CPU.Build.0 = Release|Any CPU
	EndGlobalSection
	GlobalSection(SolutionProperties) = preSolution
		HideSolutionNode = FALSE
	EndGlobalSection
	GlobalSection(ExtensibilityGlobals) = postSolution
		SolutionGuid = {B6D4EC4B-82AC-4FF9-B8EB-0D007E719C9B}
	EndGlobalSection
EndGlobal
